
Microsoft Visual Studio Solution File, Format Version 12.00
# Visual Studio 15
VisualStudioVersion = 15.0.28307.572
MinimumVisualStudioVersion = 10.0.40219.1
Project("{FAE04EC0-301F-11D3-BF4B-00C04F79EFBC}") = "Unit_testing", "Unit_testing\Unit_testing.csproj", "{6C3D0476-89A0-45A0-8B44-4A2B0B7E16C8}"
EndProject
Project("{FAE04EC0-301F-11D3-BF4B-00C04F79EFBC}") = "Unit_testingTests", "Unit_testingTests\Unit_testingTests.csproj", "{1B9C8FC1-2A48-4E23-B26A-FCDB7EBBBF44}"
EndProject
Global
	GlobalSection(SolutionConfigurationPlatforms) = preSolution
		Debug|Any CPU = Debug|Any CPU
		Release|Any CPU = Release|Any CPU
	EndGlobalSection
	GlobalSection(ProjectConfigurationPlatforms) = postSolution
		{6C3D0476-89A0-45A0-8B44-4A2B0B7E16C8}.Debug|Any CPU.ActiveCfg = Debug|Any CPU
		{6C3D0476-89A0-45A0-8B44-4A2B0B7E16C8}.Debug|Any CPU.Build.0 = Debug|Any CPU
		{6C3D0476-89A0-45A0-8B44-4A2B0B7E16C8}.Release|Any CPU.ActiveCfg = Release|Any CPU
		{6C3D0476-89A0-45A0-8B44-4A2B0B7E16C8}.Release|Any CPU.Build.0 = Release|Any CPU
		{1B9C8FC1-2A48-4E23-B26A-FCDB7EBBBF44}.Debug|Any CPU.ActiveCfg = Debug|Any CPU
		{1B9C8FC1-2A48-4E23-B26A-FCDB7EBBBF44}.Debug|Any CPU.Build.0 = Debug|Any CPU
		{1B9C8FC1-2A48-4E23-B26A-FCDB7EBBBF44}.Release|Any CPU.ActiveCfg = Release|Any CPU
		{1B9C8FC1-2A48-4E23-B26A-FCDB7EBBBF44}.Release|Any CPU.Build.0 = Release|Any CPU
	EndGlobalSection
	GlobalSection(SolutionProperties) = preSolution
		HideSolutionNode = FALSE
	EndGlobalSection
	GlobalSection(ExtensibilityGlobals) = postSolution
		SolutionGuid = {8E4F51D4-E37A-4C56-8EBA-1333B8201BAF}
	EndGlobalSection
EndGlobal
